
Microsoft Visual Studio Solution File, Format Version 12.00
# Visual Studio Version 17
VisualStudioVersion = 17.11.35303.130
MinimumVisualStudioVersion = 10.0.40219.1
Project("{8BC9CEB8-8B4A-11D0-8D11-00A0C91BC942}") = "Xynd.Client", "Xynd.Client\Xynd.Client.vcxproj", "{37176794-161B-4981-B9E9-CF84C1E1F5BB}"
EndProject
Project("{8BC9CEB8-8B4A-11D0-8D11-00A0C91BC942}") = "Xynd.Server", "Xynd.Server\Xynd.Server.vcxproj", "{2D75329B-6480-4E76-A786-DE85DD22C032}"
EndProject
Project("{8BC9CEB8-8B4A-11D0-8D11-00A0C91BC942}") = "Xynd.Core", "Xynd.Core\Xynd.Core.vcxproj", "{4A979CEE-538F-4CAE-8076-DE819112BF9D}"
EndProject
Global
	GlobalSection(SolutionConfigurationPlatforms) = preSolution
		Debug|x64 = Debug|x64
		Debug|x86 = Debug|x86
		Release|x64 = Release|x64
		Release|x86 = Release|x86
	EndGlobalSection
	GlobalSection(ProjectConfigurationPlatforms) = postSolution
		{37176794-161B-4981-B9E9-CF84C1E1F5BB}.Debug|x64.ActiveCfg = Debug|x64
		{37176794-161B-4981-B9E9-CF84C1E1F5BB}.Debug|x64.Build.0 = Debug|x64
		{37176794-161B-4981-B9E9-CF84C1E1F5BB}.Debug|x86.ActiveCfg = Debug|Win32
		{37176794-161B-4981-B9E9-CF84C1E1F5BB}.Debug|x86.Build.0 = Debug|Win32
		{37176794-161B-4981-B9E9-CF84C1E1F5BB}.Release|x64.ActiveCfg = Release|x64
		{37176794-161B-4981-B9E9-CF84C1E1F5BB}.Release|x64.Build.0 = Release|x64
		{37176794-161B-4981-B9E9-CF84C1E1F5BB}.Release|x86.ActiveCfg = Release|Win32
		{37176794-161B-4981-B9E9-CF84C1E1F5BB}.Release|x86.Build.0 = Release|Win32
		{2D75329B-6480-4E76-A786-DE85DD22C032}.Debug|x64.ActiveCfg = Debug|x64
		{2D75329B-6480-4E76-A786-DE85DD22C032}.Debug|x64.Build.0 = Debug|x64
		{2D75329B-6480-4E76-A786-DE85DD22C032}.Debug|x86.ActiveCfg = Debug|Win32
		{2D75329B-6480-4E76-A786-DE85DD22C032}.Debug|x86.Build.0 = Debug|Win32
		{2D75329B-6480-4E76-A786-DE85DD22C032}.Release|x64.ActiveCfg = Release|x64
		{2D75329B-6480-4E76-A786-DE85DD22C032}.Release|x64.Build.0 = Release|x64
		{2D75329B-6480-4E76-A786-DE85DD22C032}.Release|x86.ActiveCfg = Release|Win32
		{2D75329B-6480-4E76-A786-DE85DD22C032}.Release|x86.Build.0 = Release|Win32
		{4A979CEE-538F-4CAE-8076-DE819112BF9D}.Debug|x64.ActiveCfg = Debug|x64
		{4A979CEE-538F-4CAE-8076-DE819112BF9D}.Debug|x64.Build.0 = Debug|x64
		{4A979CEE-538F-4CAE-8076-DE819112BF9D}.Debug|x86.ActiveCfg = Debug|Win32
		{4A979CEE-538F-4CAE-8076-DE819112BF9D}.Debug|x86.Build.0 = Debug|Win32
		{4A979CEE-538F-4CAE-8076-DE819112BF9D}.Release|x64.ActiveCfg = Release|x64
		{4A979CEE-538F-4CAE-8076-DE819112BF9D}.Release|x64.Build.0 = Release|x64
		{4A979CEE-538F-4CAE-8076-DE819112BF9D}.Release|x86.ActiveCfg = Release|Win32
		{4A979CEE-538F-4CAE-8076-DE819112BF9D}.Release|x86.Build.0 = Release|Win32
	EndGlobalSection
	GlobalSection(SolutionProperties) = preSolution
		HideSolutionNode = FALSE
	EndGlobalSection
	GlobalSection(ExtensibilityGlobals) = postSolution
		SolutionGuid = {DE55E748-5935-4EE1-AE7E-43DF39FA1F39}
	EndGlobalSection
EndGlobal
